
Microsoft Visual Studio Solution File, Format Version 12.00
Project("{F184B08F-C81C-45F6-A57F-5ABD9991F28F}") = "VisualBasic", "VisualBasic\VisualBasic.vbproj", "{D0B530EA-A384-4504-8BA5-13BDCA001C5B}"
EndProject
Global
	GlobalSection(SolutionConfigurationPlatforms) = preSolution
		Debug|Any CPU = Debug|Any CPU
		Release|Any CPU = Release|Any CPU
	EndGlobalSection
	GlobalSection(ProjectConfigurationPlatforms) = postSolution
		{D0B530EA-A384-4504-8BA5-13BDCA001C5B}.Debug|Any CPU.ActiveCfg = Debug|Any CPU
		{D0B530EA-A384-4504-8BA5-13BDCA001C5B}.Debug|Any CPU.Build.0 = Debug|Any CPU
		{D0B530EA-A384-4504-8BA5-13BDCA001C5B}.Release|Any CPU.ActiveCfg = Release|Any CPU
		{D0B530EA-A384-4504-8BA5-13BDCA001C5B}.Release|Any CPU.Build.0 = Release|Any CPU
	EndGlobalSection
EndGlobal
